
Microsoft Visual Studio Solution File, Format Version 11.00
# Visual Studio 2010
Project("{8BC9CEB8-8B4A-11D0-8D11-00A0C91BC942}") = "PJNSMTPApp", "PJNSMTPApp.vcxproj", "{A3AED109-B29E-4A10-8C5D-DCF3E5B5A4F6}"
EndProject
Global
	GlobalSection(SolutionConfigurationPlatforms) = preSolution
		Debug|Win32 = Debug|Win32
		Debug|x64 = Debug|x64
		Release|Win32 = Release|Win32
		Release|x64 = Release|x64
		Unicode Debug|Win32 = Unicode Debug|Win32
		Unicode Debug|x64 = Unicode Debug|x64
		Unicode Release|Win32 = Unicode Release|Win32
		Unicode Release|x64 = Unicode Release|x64
	EndGlobalSection
	GlobalSection(ProjectConfigurationPlatforms) = postSolution
		{A3AED109-B29E-4A10-8C5D-DCF3E5B5A4F6}.Debug|Win32.ActiveCfg = Debug|Win32
		{A3AED109-B29E-4A10-8C5D-DCF3E5B5A4F6}.Debug|Win32.Build.0 = Debug|Win32
		{A3AED109-B29E-4A10-8C5D-DCF3E5B5A4F6}.Debug|x64.ActiveCfg = Debug|x64
		{A3AED109-B29E-4A10-8C5D-DCF3E5B5A4F6}.Debug|x64.Build.0 = Debug|x64
		{A3AED109-B29E-4A10-8C5D-DCF3E5B5A4F6}.Release|Win32.ActiveCfg = Release|Win32
		{A3AED109-B29E-4A10-8C5D-DCF3E5B5A4F6}.Release|Win32.Build.0 = Release|Win32
		{A3AED109-B29E-4A10-8C5D-DCF3E5B5A4F6}.Release|x64.ActiveCfg = Release|x64
		{A3AED109-B29E-4A10-8C5D-DCF3E5B5A4F6}.Release|x64.Build.0 = Release|x64
		{A3AED109-B29E-4A10-8C5D-DCF3E5B5A4F6}.Unicode Debug|Win32.ActiveCfg = Unicode Debug|Win32
		{A3AED109-B29E-4A10-8C5D-DCF3E5B5A4F6}.Unicode Debug|Win32.Build.0 = Unicode Debug|Win32
		{A3AED109-B29E-4A10-8C5D-DCF3E5B5A4F6}.Unicode Debug|x64.ActiveCfg = Unicode Debug|x64
		{A3AED109-B29E-4A10-8C5D-DCF3E5B5A4F6}.Unicode Debug|x64.Build.0 = Unicode Debug|x64
		{A3AED109-B29E-4A10-8C5D-DCF3E5B5A4F6}.Unicode Release|Win32.ActiveCfg = Unicode Release|Win32
		{A3AED109-B29E-4A10-8C5D-DCF3E5B5A4F6}.Unicode Release|Win32.Build.0 = Unicode Release|Win32
		{A3AED109-B29E-4A10-8C5D-DCF3E5B5A4F6}.Unicode Release|x64.ActiveCfg = Unicode Release|x64
		{A3AED109-B29E-4A10-8C5D-DCF3E5B5A4F6}.Unicode Release|x64.Build.0 = Unicode Release|x64
	EndGlobalSection
	GlobalSection(SolutionProperties) = preSolution
		HideSolutionNode = FALSE
	EndGlobalSection
EndGlobal
