<?xml version="1.0" encoding="utf-8"?>
<Project ToolsVersion="4.0" xmlns="http://schemas.microsoft.com/developer/msbuild/2003">
  <ItemGroup>
    <ClCompile Include="PJNNTLMAuth.cpp">
      <Filter>Source Files</Filter>
    </ClCompile>
    <ClCompile Include="PJNSmtp.cpp">
      <Filter>Source Files</Filter>
    </ClCompile>
    <ClCompile Include="PJNSMTPApp.cpp">
      <Filter>Source Files</Filter>
    </ClCompile>
    <ClCompile Include="PJNSMTPAppConfigurationDlg.cpp">
      <Filter>Source Files</Filter>
    </ClCompile>
    <ClCompile Include="PJNSMTPAppDlg.cpp">
      <Filter>Source Files</Filter>
    </ClCompile>
    <ClCompile Include="SocMFC.cpp">
      <Filter>Source Files</Filter>
    </ClCompile>
    <ClCompile Include="StdAfx.cpp">
      <Filter>Source Files</Filter>
    </ClCompile>
    <ClCompile Include="SendingDlg.cpp">
      <Filter>Source Files</Filter>
    </ClCompile>
  </ItemGroup>
  <ItemGroup>
    <ClInclude Include="PJNMD5.h">
      <Filter>Header Files</Filter>
    </ClInclude>
    <ClInclude Include="PJNNTLMAuth.h">
      <Filter>Header Files</Filter>
    </ClInclude>
    <ClInclude Include="PJNSmtp.h">
      <Filter>Header Files</Filter>
    </ClInclude>
    <ClInclude Include="PJNSMTPApp.h">
      <Filter>Header Files</Filter>
    </ClInclude>
    <ClInclude Include="PJNSMTPAppConfigurationDlg.h">
      <Filter>Header Files</Filter>
    </ClInclude>
    <ClInclude Include="PJNSMTPAppDlg.h">
      <Filter>Header Files</Filter>
    </ClInclude>
    <ClInclude Include="SendingDlg.h">
      <Filter>Header Files</Filter>
    </ClInclude>
    <ClInclude Include="SocMFC.h">
      <Filter>Header Files</Filter>
    </ClInclude>
    <ClInclude Include="StdAfx.h">
      <Filter>Header Files</Filter>
    </ClInclude>
    <ClInclude Include="Resource.h">
      <Filter>Header Files</Filter>
    </ClInclude>
  </ItemGroup>
  <ItemGroup>
    <None Include="res\PJNSMTPApp.rc2">
      <Filter>Resource Files</Filter>
    </None>
    <None Include="res\Mail.ico">
      <Filter>Resource Files</Filter>
    </None>
  </ItemGroup>
  <ItemGroup>
    <Filter Include="Header Files">
      <UniqueIdentifier>{c3bba354-0733-42cc-ab8e-6f2b56761526}</UniqueIdentifier>
      <Extensions>h;hh;hpp;hxx;hm;inl;inc;xsd</Extensions>
    </Filter>
    <Filter Include="Resource Files">
      <UniqueIdentifier>{1a96c4a9-ab9a-4006-9727-fba5e1381059}</UniqueIdentifier>
      <Extensions>rc;ico;cur;bmp;dlg;rc2;rct;bin;rgs;gif;jpg;jpeg;jpe;resx;tiff;tif;png;wav;mfcribbon-ms</Extensions>
    </Filter>
    <Filter Include="Source Files">
      <UniqueIdentifier>{75aea237-0b11-4fbd-b868-c97ce83ebef6}</UniqueIdentifier>
      <Extensions>cpp;c;cc;cxx;def;odl;idl;hpj;bat;asm;asmx</Extensions>
    </Filter>
  </ItemGroup>
  <ItemGroup>
    <ResourceCompile Include="PJNSMTPApp.rc">
      <Filter>Resource Files</Filter>
    </ResourceCompile>
  </ItemGroup>
</Project>